
Microsoft Visual Studio Solution File, Format Version 11.00
# Visual Studio 2010
Project("{FAE04EC0-301F-11D3-BF4B-00C04F79EFBC}") = "WebApplication1", "WebApplication1\WebApplication1.csproj", "{811DFD39-EA97-4271-AACD-06B2C1BEAC45}"
EndProject
Project("{FAE04EC0-301F-11D3-BF4B-00C04F79EFBC}") = "ConsoleApplication1", "ConsoleApplication1\ConsoleApplication1.csproj", "{A7AA6F1E-6A9D-49A4-BD17-9BA6BECFEA26}"
	ProjectSection(ProjectDependencies) = postProject
		{811DFD39-EA97-4271-AACD-06B2C1BEAC45} = {811DFD39-EA97-4271-AACD-06B2C1BEAC45}
	EndProjectSection
EndProject
Global
	GlobalSection(SolutionConfigurationPlatforms) = preSolution
		Debug|Any CPU = Debug|Any CPU
		Debug|Mixed Platforms = Debug|Mixed Platforms
		Debug|x86 = Debug|x86
		Release|Any CPU = Release|Any CPU
		Release|Mixed Platforms = Release|Mixed Platforms
		Release|x86 = Release|x86
	EndGlobalSection
	GlobalSection(ProjectConfigurationPlatforms) = postSolution
		{811DFD39-EA97-4271-AACD-06B2C1BEAC45}.Debug|Any CPU.ActiveCfg = Debug|Any CPU
		{811DFD39-EA97-4271-AACD-06B2C1BEAC45}.Debug|Any CPU.Build.0 = Debug|Any CPU
		{811DFD39-EA97-4271-AACD-06B2C1BEAC45}.Debug|Mixed Platforms.ActiveCfg = Debug|Any CPU
		{811DFD39-EA97-4271-AACD-06B2C1BEAC45}.Debug|Mixed Platforms.Build.0 = Debug|Any CPU
		{811DFD39-EA97-4271-AACD-06B2C1BEAC45}.Debug|x86.ActiveCfg = Debug|Any CPU
		{811DFD39-EA97-4271-AACD-06B2C1BEAC45}.Release|Any CPU.ActiveCfg = Release|Any CPU
		{811DFD39-EA97-4271-AACD-06B2C1BEAC45}.Release|Any CPU.Build.0 = Release|Any CPU
		{811DFD39-EA97-4271-AACD-06B2C1BEAC45}.Release|Mixed Platforms.ActiveCfg = Release|Any CPU
		{811DFD39-EA97-4271-AACD-06B2C1BEAC45}.Release|Mixed Platforms.Build.0 = Release|Any CPU
		{811DFD39-EA97-4271-AACD-06B2C1BEAC45}.Release|x86.ActiveCfg = Release|Any CPU
		{A7AA6F1E-6A9D-49A4-BD17-9BA6BECFEA26}.Debug|Any CPU.ActiveCfg = Debug|x86
		{A7AA6F1E-6A9D-49A4-BD17-9BA6BECFEA26}.Debug|Mixed Platforms.ActiveCfg = Debug|x86
		{A7AA6F1E-6A9D-49A4-BD17-9BA6BECFEA26}.Debug|Mixed Platforms.Build.0 = Debug|x86
		{A7AA6F1E-6A9D-49A4-BD17-9BA6BECFEA26}.Debug|x86.ActiveCfg = Debug|x86
		{A7AA6F1E-6A9D-49A4-BD17-9BA6BECFEA26}.Debug|x86.Build.0 = Debug|x86
		{A7AA6F1E-6A9D-49A4-BD17-9BA6BECFEA26}.Release|Any CPU.ActiveCfg = Release|x86
		{A7AA6F1E-6A9D-49A4-BD17-9BA6BECFEA26}.Release|Mixed Platforms.ActiveCfg = Release|x86
		{A7AA6F1E-6A9D-49A4-BD17-9BA6BECFEA26}.Release|Mixed Platforms.Build.0 = Release|x86
		{A7AA6F1E-6A9D-49A4-BD17-9BA6BECFEA26}.Release|x86.ActiveCfg = Release|x86
		{A7AA6F1E-6A9D-49A4-BD17-9BA6BECFEA26}.Release|x86.Build.0 = Release|x86
	EndGlobalSection
	GlobalSection(SolutionProperties) = preSolution
		HideSolutionNode = FALSE
	EndGlobalSection
EndGlobal
